
Microsoft Visual Studio Solution File, Format Version 12.00
# Visual Studio 15
VisualStudioVersion = 15.0.27130.2036
MinimumVisualStudioVersion = 10.0.40219.1
Project("{F184B08F-C81C-45F6-A57F-5ABD9991F28F}") = "201902273_Sillones", "201902273_Sillones\201902273_Sillones.vbproj", "{7493984A-C66C-4C22-8D62-B751B4F8F988}"
EndProject
Global
	GlobalSection(SolutionConfigurationPlatforms) = preSolution
		Debug|Any CPU = Debug|Any CPU
		Release|Any CPU = Release|Any CPU
	EndGlobalSection
	GlobalSection(ProjectConfigurationPlatforms) = postSolution
		{7493984A-C66C-4C22-8D62-B751B4F8F988}.Debug|Any CPU.ActiveCfg = Debug|Any CPU
		{7493984A-C66C-4C22-8D62-B751B4F8F988}.Debug|Any CPU.Build.0 = Debug|Any CPU
		{7493984A-C66C-4C22-8D62-B751B4F8F988}.Release|Any CPU.ActiveCfg = Release|Any CPU
		{7493984A-C66C-4C22-8D62-B751B4F8F988}.Release|Any CPU.Build.0 = Release|Any CPU
	EndGlobalSection
	GlobalSection(SolutionProperties) = preSolution
		HideSolutionNode = FALSE
	EndGlobalSection
	GlobalSection(ExtensibilityGlobals) = postSolution
		SolutionGuid = {2517116C-748E-4166-B5D5-2FA6CEFD262D}
	EndGlobalSection
EndGlobal
