
Microsoft Visual Studio Solution File, Format Version 12.00
# Visual Studio 15
VisualStudioVersion = 15.0.27130.2036
MinimumVisualStudioVersion = 10.0.40219.1
Project("{F184B08F-C81C-45F6-A57F-5ABD9991F28F}") = "201902273_VUELTAC", "WindowsApp1\201902273_VUELTAC.vbproj", "{72D4EBCB-8184-45DA-9AC9-81D29E9A1B6E}"
EndProject
Global
	GlobalSection(SolutionConfigurationPlatforms) = preSolution
		Debug|Any CPU = Debug|Any CPU
		Release|Any CPU = Release|Any CPU
	EndGlobalSection
	GlobalSection(ProjectConfigurationPlatforms) = postSolution
		{72D4EBCB-8184-45DA-9AC9-81D29E9A1B6E}.Debug|Any CPU.ActiveCfg = Debug|Any CPU
		{72D4EBCB-8184-45DA-9AC9-81D29E9A1B6E}.Debug|Any CPU.Build.0 = Debug|Any CPU
		{72D4EBCB-8184-45DA-9AC9-81D29E9A1B6E}.Release|Any CPU.ActiveCfg = Release|Any CPU
		{72D4EBCB-8184-45DA-9AC9-81D29E9A1B6E}.Release|Any CPU.Build.0 = Release|Any CPU
	EndGlobalSection
	GlobalSection(SolutionProperties) = preSolution
		HideSolutionNode = FALSE
	EndGlobalSection
	GlobalSection(ExtensibilityGlobals) = postSolution
		SolutionGuid = {1A7183C2-0BBA-4F0E-8CE0-9A50EE5A8F2F}
	EndGlobalSection
EndGlobal
